
Microsoft Visual Studio Solution File, Format Version 12.00
# Visual Studio Version 16
VisualStudioVersion = 25.0.1706.3
MinimumVisualStudioVersion = 10.0.40219.1
Project("{FAE04EC0-301F-11D3-BF4B-00C04F79EFBC}") = "SocialSecurityNumber", "SocialSecurityNumber\SocialSecurityNumber.csproj", "{BBE93486-8D64-43FA-BF46-EF1FBE5C0637}"
EndProject
Global
	GlobalSection(SolutionConfigurationPlatforms) = preSolution
		Debug|Any CPU = Debug|Any CPU
		Release|Any CPU = Release|Any CPU
	EndGlobalSection
	GlobalSection(ProjectConfigurationPlatforms) = postSolution
		{BBE93486-8D64-43FA-BF46-EF1FBE5C0637}.Debug|Any CPU.ActiveCfg = Debug|Any CPU
		{BBE93486-8D64-43FA-BF46-EF1FBE5C0637}.Debug|Any CPU.Build.0 = Debug|Any CPU
		{BBE93486-8D64-43FA-BF46-EF1FBE5C0637}.Release|Any CPU.ActiveCfg = Release|Any CPU
		{BBE93486-8D64-43FA-BF46-EF1FBE5C0637}.Release|Any CPU.Build.0 = Release|Any CPU
	EndGlobalSection
	GlobalSection(SolutionProperties) = preSolution
		HideSolutionNode = FALSE
	EndGlobalSection
	GlobalSection(ExtensibilityGlobals) = postSolution
		SolutionGuid = {EC90411D-8922-43E0-BDF6-C836D61DD232}
	EndGlobalSection
EndGlobal
